
Microsoft Visual Studio Solution File, Format Version 12.00
# Visual Studio Version 17
VisualStudioVersion = 17.8.34112.27
MinimumVisualStudioVersion = 10.0.40219.1
Project("{888888A0-9F3D-457C-B088-3A5042F75D52}") = "RealESRGAN", "RealESRGAN.pyproj", "{9ED01CC6-EC15-4911-A039-D9349654F62D}"
EndProject
Global
	GlobalSection(SolutionConfigurationPlatforms) = preSolution
		Debug|Any CPU = Debug|Any CPU
		Release|Any CPU = Release|Any CPU
	EndGlobalSection
	GlobalSection(ProjectConfigurationPlatforms) = postSolution
		{9ED01CC6-EC15-4911-A039-D9349654F62D}.Debug|Any CPU.ActiveCfg = Debug|Any CPU
		{9ED01CC6-EC15-4911-A039-D9349654F62D}.Release|Any CPU.ActiveCfg = Release|Any CPU
	EndGlobalSection
	GlobalSection(SolutionProperties) = preSolution
		HideSolutionNode = FALSE
	EndGlobalSection
	GlobalSection(ExtensibilityGlobals) = postSolution
		SolutionGuid = {36C1E645-C057-43E1-AB42-7BEE0E136191}
	EndGlobalSection
EndGlobal
